
Microsoft Visual Studio Solution File, Format Version 12.00
# Visual Studio 15
VisualStudioVersion = 15.0.26124.0
MinimumVisualStudioVersion = 15.0.26124.0
Project("{FAE04EC0-301F-11D3-BF4B-00C04F79EFBC}") = "Qik", "Qik\Qik.csproj", "{E1FB5C5C-B81B-4B8D-BD9C-1EC43523892C}"
EndProject
Project("{FAE04EC0-301F-11D3-BF4B-00C04F79EFBC}") = "QikTests", "QikTests\QikTests.csproj", "{9BCF85D1-E39A-44BF-A5A9-7376EA687ADC}"
EndProject
Project("{FAE04EC0-301F-11D3-BF4B-00C04F79EFBC}") = "QikAntlr", "QikAntlr\QikAntlr.csproj", "{B2C00AAD-C76A-4A74-9818-C30182EE2506}"
EndProject
Global
	GlobalSection(SolutionConfigurationPlatforms) = preSolution
		Debug|Any CPU = Debug|Any CPU
		Debug|x64 = Debug|x64
		Debug|x86 = Debug|x86
		Release|Any CPU = Release|Any CPU
		Release|x64 = Release|x64
		Release|x86 = Release|x86
	EndGlobalSection
	GlobalSection(SolutionProperties) = preSolution
		HideSolutionNode = FALSE
	EndGlobalSection
	GlobalSection(ProjectConfigurationPlatforms) = postSolution
		{E1FB5C5C-B81B-4B8D-BD9C-1EC43523892C}.Debug|Any CPU.ActiveCfg = Debug|Any CPU
		{E1FB5C5C-B81B-4B8D-BD9C-1EC43523892C}.Debug|Any CPU.Build.0 = Debug|Any CPU
		{E1FB5C5C-B81B-4B8D-BD9C-1EC43523892C}.Debug|x64.ActiveCfg = Debug|Any CPU
		{E1FB5C5C-B81B-4B8D-BD9C-1EC43523892C}.Debug|x64.Build.0 = Debug|Any CPU
		{E1FB5C5C-B81B-4B8D-BD9C-1EC43523892C}.Debug|x86.ActiveCfg = Debug|Any CPU
		{E1FB5C5C-B81B-4B8D-BD9C-1EC43523892C}.Debug|x86.Build.0 = Debug|Any CPU
		{E1FB5C5C-B81B-4B8D-BD9C-1EC43523892C}.Release|Any CPU.ActiveCfg = Release|Any CPU
		{E1FB5C5C-B81B-4B8D-BD9C-1EC43523892C}.Release|Any CPU.Build.0 = Release|Any CPU
		{E1FB5C5C-B81B-4B8D-BD9C-1EC43523892C}.Release|x64.ActiveCfg = Release|Any CPU
		{E1FB5C5C-B81B-4B8D-BD9C-1EC43523892C}.Release|x64.Build.0 = Release|Any CPU
		{E1FB5C5C-B81B-4B8D-BD9C-1EC43523892C}.Release|x86.ActiveCfg = Release|Any CPU
		{E1FB5C5C-B81B-4B8D-BD9C-1EC43523892C}.Release|x86.Build.0 = Release|Any CPU
		{DDE29CCE-5AE8-4A99-9D4E-1419267802B2}.Debug|Any CPU.ActiveCfg = Debug|Any CPU
		{DDE29CCE-5AE8-4A99-9D4E-1419267802B2}.Debug|Any CPU.Build.0 = Debug|Any CPU
		{DDE29CCE-5AE8-4A99-9D4E-1419267802B2}.Debug|x64.ActiveCfg = Debug|Any CPU
		{DDE29CCE-5AE8-4A99-9D4E-1419267802B2}.Debug|x64.Build.0 = Debug|Any CPU
		{DDE29CCE-5AE8-4A99-9D4E-1419267802B2}.Debug|x86.ActiveCfg = Debug|Any CPU
		{DDE29CCE-5AE8-4A99-9D4E-1419267802B2}.Debug|x86.Build.0 = Debug|Any CPU
		{DDE29CCE-5AE8-4A99-9D4E-1419267802B2}.Release|Any CPU.ActiveCfg = Release|Any CPU
		{DDE29CCE-5AE8-4A99-9D4E-1419267802B2}.Release|Any CPU.Build.0 = Release|Any CPU
		{DDE29CCE-5AE8-4A99-9D4E-1419267802B2}.Release|x64.ActiveCfg = Release|Any CPU
		{DDE29CCE-5AE8-4A99-9D4E-1419267802B2}.Release|x64.Build.0 = Release|Any CPU
		{DDE29CCE-5AE8-4A99-9D4E-1419267802B2}.Release|x86.ActiveCfg = Release|Any CPU
		{DDE29CCE-5AE8-4A99-9D4E-1419267802B2}.Release|x86.Build.0 = Release|Any CPU
		{9BCF85D1-E39A-44BF-A5A9-7376EA687ADC}.Debug|Any CPU.ActiveCfg = Debug|Any CPU
		{9BCF85D1-E39A-44BF-A5A9-7376EA687ADC}.Debug|Any CPU.Build.0 = Debug|Any CPU
		{9BCF85D1-E39A-44BF-A5A9-7376EA687ADC}.Debug|x64.ActiveCfg = Debug|Any CPU
		{9BCF85D1-E39A-44BF-A5A9-7376EA687ADC}.Debug|x64.Build.0 = Debug|Any CPU
		{9BCF85D1-E39A-44BF-A5A9-7376EA687ADC}.Debug|x86.ActiveCfg = Debug|Any CPU
		{9BCF85D1-E39A-44BF-A5A9-7376EA687ADC}.Debug|x86.Build.0 = Debug|Any CPU
		{9BCF85D1-E39A-44BF-A5A9-7376EA687ADC}.Release|Any CPU.ActiveCfg = Release|Any CPU
		{9BCF85D1-E39A-44BF-A5A9-7376EA687ADC}.Release|Any CPU.Build.0 = Release|Any CPU
		{9BCF85D1-E39A-44BF-A5A9-7376EA687ADC}.Release|x64.ActiveCfg = Release|Any CPU
		{9BCF85D1-E39A-44BF-A5A9-7376EA687ADC}.Release|x64.Build.0 = Release|Any CPU
		{9BCF85D1-E39A-44BF-A5A9-7376EA687ADC}.Release|x86.ActiveCfg = Release|Any CPU
		{9BCF85D1-E39A-44BF-A5A9-7376EA687ADC}.Release|x86.Build.0 = Release|Any CPU
		{B2C00AAD-C76A-4A74-9818-C30182EE2506}.Debug|Any CPU.ActiveCfg = Debug|Any CPU
		{B2C00AAD-C76A-4A74-9818-C30182EE2506}.Debug|Any CPU.Build.0 = Debug|Any CPU
		{B2C00AAD-C76A-4A74-9818-C30182EE2506}.Debug|x64.ActiveCfg = Debug|Any CPU
		{B2C00AAD-C76A-4A74-9818-C30182EE2506}.Debug|x64.Build.0 = Debug|Any CPU
		{B2C00AAD-C76A-4A74-9818-C30182EE2506}.Debug|x86.ActiveCfg = Debug|Any CPU
		{B2C00AAD-C76A-4A74-9818-C30182EE2506}.Debug|x86.Build.0 = Debug|Any CPU
		{B2C00AAD-C76A-4A74-9818-C30182EE2506}.Release|Any CPU.ActiveCfg = Release|Any CPU
		{B2C00AAD-C76A-4A74-9818-C30182EE2506}.Release|Any CPU.Build.0 = Release|Any CPU
		{B2C00AAD-C76A-4A74-9818-C30182EE2506}.Release|x64.ActiveCfg = Release|Any CPU
		{B2C00AAD-C76A-4A74-9818-C30182EE2506}.Release|x64.Build.0 = Release|Any CPU
		{B2C00AAD-C76A-4A74-9818-C30182EE2506}.Release|x86.ActiveCfg = Release|Any CPU
		{B2C00AAD-C76A-4A74-9818-C30182EE2506}.Release|x86.Build.0 = Release|Any CPU
		{BF61D9C9-821F-4E2B-B999-3BFC609EF358}.Debug|Any CPU.ActiveCfg = Debug|Any CPU
		{BF61D9C9-821F-4E2B-B999-3BFC609EF358}.Debug|Any CPU.Build.0 = Debug|Any CPU
		{BF61D9C9-821F-4E2B-B999-3BFC609EF358}.Debug|x64.ActiveCfg = Debug|Any CPU
		{BF61D9C9-821F-4E2B-B999-3BFC609EF358}.Debug|x64.Build.0 = Debug|Any CPU
		{BF61D9C9-821F-4E2B-B999-3BFC609EF358}.Debug|x86.ActiveCfg = Debug|Any CPU
		{BF61D9C9-821F-4E2B-B999-3BFC609EF358}.Debug|x86.Build.0 = Debug|Any CPU
		{BF61D9C9-821F-4E2B-B999-3BFC609EF358}.Release|Any CPU.ActiveCfg = Release|Any CPU
		{BF61D9C9-821F-4E2B-B999-3BFC609EF358}.Release|Any CPU.Build.0 = Release|Any CPU
		{BF61D9C9-821F-4E2B-B999-3BFC609EF358}.Release|x64.ActiveCfg = Release|Any CPU
		{BF61D9C9-821F-4E2B-B999-3BFC609EF358}.Release|x64.Build.0 = Release|Any CPU
		{BF61D9C9-821F-4E2B-B999-3BFC609EF358}.Release|x86.ActiveCfg = Release|Any CPU
		{BF61D9C9-821F-4E2B-B999-3BFC609EF358}.Release|x86.Build.0 = Release|Any CPU
		{3799787B-C6F1-413B-938E-26B81612A997}.Debug|Any CPU.ActiveCfg = Debug|Any CPU
		{3799787B-C6F1-413B-938E-26B81612A997}.Debug|Any CPU.Build.0 = Debug|Any CPU
		{3799787B-C6F1-413B-938E-26B81612A997}.Debug|x64.ActiveCfg = Debug|Any CPU
		{3799787B-C6F1-413B-938E-26B81612A997}.Debug|x64.Build.0 = Debug|Any CPU
		{3799787B-C6F1-413B-938E-26B81612A997}.Debug|x86.ActiveCfg = Debug|Any CPU
		{3799787B-C6F1-413B-938E-26B81612A997}.Debug|x86.Build.0 = Debug|Any CPU
		{3799787B-C6F1-413B-938E-26B81612A997}.Release|Any CPU.ActiveCfg = Release|Any CPU
		{3799787B-C6F1-413B-938E-26B81612A997}.Release|Any CPU.Build.0 = Release|Any CPU
		{3799787B-C6F1-413B-938E-26B81612A997}.Release|x64.ActiveCfg = Release|Any CPU
		{3799787B-C6F1-413B-938E-26B81612A997}.Release|x64.Build.0 = Release|Any CPU
		{3799787B-C6F1-413B-938E-26B81612A997}.Release|x86.ActiveCfg = Release|Any CPU
		{3799787B-C6F1-413B-938E-26B81612A997}.Release|x86.Build.0 = Release|Any CPU
		{7E41142A-E132-41FB-BD0F-A98F1770D641}.Debug|Any CPU.ActiveCfg = Debug|Any CPU
		{7E41142A-E132-41FB-BD0F-A98F1770D641}.Debug|Any CPU.Build.0 = Debug|Any CPU
		{7E41142A-E132-41FB-BD0F-A98F1770D641}.Debug|x64.ActiveCfg = Debug|Any CPU
		{7E41142A-E132-41FB-BD0F-A98F1770D641}.Debug|x64.Build.0 = Debug|Any CPU
		{7E41142A-E132-41FB-BD0F-A98F1770D641}.Debug|x86.ActiveCfg = Debug|Any CPU
		{7E41142A-E132-41FB-BD0F-A98F1770D641}.Debug|x86.Build.0 = Debug|Any CPU
		{7E41142A-E132-41FB-BD0F-A98F1770D641}.Release|Any CPU.ActiveCfg = Release|Any CPU
		{7E41142A-E132-41FB-BD0F-A98F1770D641}.Release|Any CPU.Build.0 = Release|Any CPU
		{7E41142A-E132-41FB-BD0F-A98F1770D641}.Release|x64.ActiveCfg = Release|Any CPU
		{7E41142A-E132-41FB-BD0F-A98F1770D641}.Release|x64.Build.0 = Release|Any CPU
		{7E41142A-E132-41FB-BD0F-A98F1770D641}.Release|x86.ActiveCfg = Release|Any CPU
		{7E41142A-E132-41FB-BD0F-A98F1770D641}.Release|x86.Build.0 = Release|Any CPU
		{24968C27-2EBC-4DDA-9665-4AC7E24DA08C}.Debug|Any CPU.ActiveCfg = Debug|Any CPU
		{24968C27-2EBC-4DDA-9665-4AC7E24DA08C}.Debug|Any CPU.Build.0 = Debug|Any CPU
		{24968C27-2EBC-4DDA-9665-4AC7E24DA08C}.Debug|x64.ActiveCfg = Debug|Any CPU
		{24968C27-2EBC-4DDA-9665-4AC7E24DA08C}.Debug|x64.Build.0 = Debug|Any CPU
		{24968C27-2EBC-4DDA-9665-4AC7E24DA08C}.Debug|x86.ActiveCfg = Debug|Any CPU
		{24968C27-2EBC-4DDA-9665-4AC7E24DA08C}.Debug|x86.Build.0 = Debug|Any CPU
		{24968C27-2EBC-4DDA-9665-4AC7E24DA08C}.Release|Any CPU.ActiveCfg = Release|Any CPU
		{24968C27-2EBC-4DDA-9665-4AC7E24DA08C}.Release|Any CPU.Build.0 = Release|Any CPU
		{24968C27-2EBC-4DDA-9665-4AC7E24DA08C}.Release|x64.ActiveCfg = Release|Any CPU
		{24968C27-2EBC-4DDA-9665-4AC7E24DA08C}.Release|x64.Build.0 = Release|Any CPU
		{24968C27-2EBC-4DDA-9665-4AC7E24DA08C}.Release|x86.ActiveCfg = Release|Any CPU
		{24968C27-2EBC-4DDA-9665-4AC7E24DA08C}.Release|x86.Build.0 = Release|Any CPU
		{3ABE735D-4B39-4A71-A471-042DAD6C6B28}.Debug|Any CPU.ActiveCfg = Debug|Any CPU
		{3ABE735D-4B39-4A71-A471-042DAD6C6B28}.Debug|Any CPU.Build.0 = Debug|Any CPU
		{3ABE735D-4B39-4A71-A471-042DAD6C6B28}.Debug|x64.ActiveCfg = Debug|Any CPU
		{3ABE735D-4B39-4A71-A471-042DAD6C6B28}.Debug|x64.Build.0 = Debug|Any CPU
		{3ABE735D-4B39-4A71-A471-042DAD6C6B28}.Debug|x86.ActiveCfg = Debug|Any CPU
		{3ABE735D-4B39-4A71-A471-042DAD6C6B28}.Debug|x86.Build.0 = Debug|Any CPU
		{3ABE735D-4B39-4A71-A471-042DAD6C6B28}.Release|Any CPU.ActiveCfg = Release|Any CPU
		{3ABE735D-4B39-4A71-A471-042DAD6C6B28}.Release|Any CPU.Build.0 = Release|Any CPU
		{3ABE735D-4B39-4A71-A471-042DAD6C6B28}.Release|x64.ActiveCfg = Release|Any CPU
		{3ABE735D-4B39-4A71-A471-042DAD6C6B28}.Release|x64.Build.0 = Release|Any CPU
		{3ABE735D-4B39-4A71-A471-042DAD6C6B28}.Release|x86.ActiveCfg = Release|Any CPU
		{3ABE735D-4B39-4A71-A471-042DAD6C6B28}.Release|x86.Build.0 = Release|Any CPU
		{E8E4D936-E8DB-4637-86FD-1716863DDDD2}.Debug|Any CPU.ActiveCfg = Debug|Any CPU
		{E8E4D936-E8DB-4637-86FD-1716863DDDD2}.Debug|Any CPU.Build.0 = Debug|Any CPU
		{E8E4D936-E8DB-4637-86FD-1716863DDDD2}.Debug|x64.ActiveCfg = Debug|Any CPU
		{E8E4D936-E8DB-4637-86FD-1716863DDDD2}.Debug|x64.Build.0 = Debug|Any CPU
		{E8E4D936-E8DB-4637-86FD-1716863DDDD2}.Debug|x86.ActiveCfg = Debug|Any CPU
		{E8E4D936-E8DB-4637-86FD-1716863DDDD2}.Debug|x86.Build.0 = Debug|Any CPU
		{E8E4D936-E8DB-4637-86FD-1716863DDDD2}.Release|Any CPU.ActiveCfg = Release|Any CPU
		{E8E4D936-E8DB-4637-86FD-1716863DDDD2}.Release|Any CPU.Build.0 = Release|Any CPU
		{E8E4D936-E8DB-4637-86FD-1716863DDDD2}.Release|x64.ActiveCfg = Release|Any CPU
		{E8E4D936-E8DB-4637-86FD-1716863DDDD2}.Release|x64.Build.0 = Release|Any CPU
		{E8E4D936-E8DB-4637-86FD-1716863DDDD2}.Release|x86.ActiveCfg = Release|Any CPU
		{E8E4D936-E8DB-4637-86FD-1716863DDDD2}.Release|x86.Build.0 = Release|Any CPU
	EndGlobalSection
EndGlobal
